
Microsoft Visual Studio Solution File, Format Version 12.00
# Visual Studio Version 17
VisualStudioVersion = 17.1.32210.238
MinimumVisualStudioVersion = 10.0.40219.1
Project("{FAE04EC0-301F-11D3-BF4B-00C04F79EFBC}") = "JsonEntity", "JsonEntity\JsonEntity.csproj", "{A7308F3C-CA30-41B2-98B4-F71CD60351CD}"
EndProject
Project("{2150E333-8FDC-42A3-9474-1A3956D46DE8}") = "src", "src", "{308F746B-1AE3-49BF-AC6B-4351B30F69F2}"
EndProject
Global
	GlobalSection(SolutionConfigurationPlatforms) = preSolution
		Debug|Any CPU = Debug|Any CPU
		Release|Any CPU = Release|Any CPU
	EndGlobalSection
	GlobalSection(ProjectConfigurationPlatforms) = postSolution
		{A7308F3C-CA30-41B2-98B4-F71CD60351CD}.Debug|Any CPU.ActiveCfg = Debug|Any CPU
		{A7308F3C-CA30-41B2-98B4-F71CD60351CD}.Debug|Any CPU.Build.0 = Debug|Any CPU
		{A7308F3C-CA30-41B2-98B4-F71CD60351CD}.Release|Any CPU.ActiveCfg = Release|Any CPU
		{A7308F3C-CA30-41B2-98B4-F71CD60351CD}.Release|Any CPU.Build.0 = Release|Any CPU
	EndGlobalSection
	GlobalSection(SolutionProperties) = preSolution
		HideSolutionNode = FALSE
	EndGlobalSection
	GlobalSection(NestedProjects) = preSolution
		{A7308F3C-CA30-41B2-98B4-F71CD60351CD} = {308F746B-1AE3-49BF-AC6B-4351B30F69F2}
	EndGlobalSection
	GlobalSection(ExtensibilityGlobals) = postSolution
		SolutionGuid = {FABFAE04-95DD-4C8D-854B-BCDAE52C2CA5}
	EndGlobalSection
EndGlobal
